
Microsoft Visual Studio Solution File, Format Version 12.00
# Visual Studio Version 16
VisualStudioVersion = 16.0.33529.622
MinimumVisualStudioVersion = 10.0.40219.1
Project("{FAE04EC0-301F-11D3-BF4B-00C04F79EFBC}") = "KR2_Morozov", "KR2_Morozov\KR2_Morozov.csproj", "{A964178B-33EB-4D5D-8491-2B1AB1B99480}"
EndProject
Global
	GlobalSection(SolutionConfigurationPlatforms) = preSolution
		Debug|Any CPU = Debug|Any CPU
		Release|Any CPU = Release|Any CPU
	EndGlobalSection
	GlobalSection(ProjectConfigurationPlatforms) = postSolution
		{A964178B-33EB-4D5D-8491-2B1AB1B99480}.Debug|Any CPU.ActiveCfg = Debug|Any CPU
		{A964178B-33EB-4D5D-8491-2B1AB1B99480}.Debug|Any CPU.Build.0 = Debug|Any CPU
		{A964178B-33EB-4D5D-8491-2B1AB1B99480}.Release|Any CPU.ActiveCfg = Release|Any CPU
		{A964178B-33EB-4D5D-8491-2B1AB1B99480}.Release|Any CPU.Build.0 = Release|Any CPU
	EndGlobalSection
	GlobalSection(SolutionProperties) = preSolution
		HideSolutionNode = FALSE
	EndGlobalSection
	GlobalSection(ExtensibilityGlobals) = postSolution
		SolutionGuid = {17BE4706-9642-44FB-9DA9-7AD5BAC3D028}
	EndGlobalSection
EndGlobal
